
Microsoft Visual Studio Solution File, Format Version 12.00
# Visual Studio 2012
Project("{FAE04EC0-301F-11D3-BF4B-00C04F79EFBC}") = "GitRepo", "GitRepo\GitRepo.csproj", "{FE5B358D-07EC-4D1E-9ABC-96FD28AC8516}"
EndProject
Global
	GlobalSection(SolutionConfigurationPlatforms) = preSolution
		Debug|Any CPU = Debug|Any CPU
		Release|Any CPU = Release|Any CPU
	EndGlobalSection
	GlobalSection(ProjectConfigurationPlatforms) = postSolution
		{FE5B358D-07EC-4D1E-9ABC-96FD28AC8516}.Debug|Any CPU.ActiveCfg = Debug|Any CPU
		{FE5B358D-07EC-4D1E-9ABC-96FD28AC8516}.Debug|Any CPU.Build.0 = Debug|Any CPU
		{FE5B358D-07EC-4D1E-9ABC-96FD28AC8516}.Release|Any CPU.ActiveCfg = Release|Any CPU
		{FE5B358D-07EC-4D1E-9ABC-96FD28AC8516}.Release|Any CPU.Build.0 = Release|Any CPU
	EndGlobalSection
	GlobalSection(SolutionProperties) = preSolution
		HideSolutionNode = FALSE
	EndGlobalSection
EndGlobal
